# This file is automatically @generated by Cargo.
# It is not intended for manual editing.
version = 4

[[package]]
name = "fui-rs"
version = "0.1.21"

[[package]]
name = "fui-rs-demo-advanced"
version = "0.1.0"
dependencies = [
 "fui-rs",
 "fui-rs-demo-shared",
]

[[package]]
name = "fui-rs-demo-advanced-worker"
version = "0.1.0"
dependencies = [
 "fui-rs",
]

[[package]]
name = "fui-rs-demo-home"
version = "0.1.0"
dependencies = [
 "fui-rs",
 "fui-rs-demo-shared",
]

[[package]]
name = "fui-rs-demo-immediate-drawing"
version = "0.1.0"
dependencies = [
 "fui-rs",
 "fui-rs-demo-shared",
]

[[package]]
name = "fui-rs-demo-shared"
version = "0.1.0"
dependencies = [
 "fui-rs",
]

[[package]]
name = "fui-rs-demo-text-fonts"
version = "0.1.0"
dependencies = [
 "fui-rs",
 "fui-rs-demo-shared",
]
